<?xml version="1.0" encoding="UTF-8"?>
<CodeBlocks_project_file>
	<FileVersion major="1" minor="6"/>
	<Project>
		<Option title="cmake_learn"/>
		<Option makefile_is_custom="1"/>
		<Option compiler="gcc"/>
		<Option virtualFolders="CMake Files\;"/>
		<Build>
			<Target title="all">
				<Option working_dir="/home/djx/CLionProjects/cmake-learn"/>
				<Option type="4"/>
				<MakeCommands>
					<Build command="/usr/bin/make -f &quot;/home/djx/CLionProjects/cmake-learn/Makefile&quot;  VERBOSE=1 all"/>
					<CompileFile command="/usr/bin/make -f &quot;/home/djx/CLionProjects/cmake-learn/Makefile&quot;  VERBOSE=1 &quot;$file&quot;"/>
					<Clean command="/usr/bin/make -f &quot;/home/djx/CLionProjects/cmake-learn/Makefile&quot;  VERBOSE=1 clean"/>
					<DistClean command="/usr/bin/make -f &quot;/home/djx/CLionProjects/cmake-learn/Makefile&quot;  VERBOSE=1 clean"/>
				</MakeCommands>
			</Target>
			<Target title="edit_cache">
				<Option working_dir="/home/djx/CLionProjects/cmake-learn"/>
				<Option type="4"/>
				<MakeCommands>
					<Build command="/usr/bin/make -f &quot;/home/djx/CLionProjects/cmake-learn/Makefile&quot;  VERBOSE=1 edit_cache"/>
					<CompileFile command="/usr/bin/make -f &quot;/home/djx/CLionProjects/cmake-learn/Makefile&quot;  VERBOSE=1 &quot;$file&quot;"/>
					<Clean command="/usr/bin/make -f &quot;/home/djx/CLionProjects/cmake-learn/Makefile&quot;  VERBOSE=1 clean"/>
					<DistClean command="/usr/bin/make -f &quot;/home/djx/CLionProjects/cmake-learn/Makefile&quot;  VERBOSE=1 clean"/>
				</MakeCommands>
			</Target>
			<Target title="rebuild_cache">
				<Option working_dir="/home/djx/CLionProjects/cmake-learn"/>
				<Option type="4"/>
				<MakeCommands>
					<Build command="/usr/bin/make -f &quot;/home/djx/CLionProjects/cmake-learn/Makefile&quot;  VERBOSE=1 rebuild_cache"/>
					<CompileFile command="/usr/bin/make -f &quot;/home/djx/CLionProjects/cmake-learn/Makefile&quot;  VERBOSE=1 &quot;$file&quot;"/>
					<Clean command="/usr/bin/make -f &quot;/home/djx/CLionProjects/cmake-learn/Makefile&quot;  VERBOSE=1 clean"/>
					<DistClean command="/usr/bin/make -f &quot;/home/djx/CLionProjects/cmake-learn/Makefile&quot;  VERBOSE=1 clean"/>
				</MakeCommands>
			</Target>
			<Target title="cmake_learn">
				<Option output="/home/djx/CLionProjects/cmake-learn/cmake_learn" prefix_auto="0" extension_auto="0"/>
				<Option working_dir="/home/djx/CLionProjects/cmake-learn"/>
				<Option object_output="./"/>
				<Option type="1"/>
				<Option compiler="gcc"/>
				<Compiler/>
				<MakeCommands>
					<Build command="/usr/bin/make -f &quot;/home/djx/CLionProjects/cmake-learn/Makefile&quot;  VERBOSE=1 cmake_learn"/>
					<CompileFile command="/usr/bin/make -f &quot;/home/djx/CLionProjects/cmake-learn/Makefile&quot;  VERBOSE=1 &quot;$file&quot;"/>
					<Clean command="/usr/bin/make -f &quot;/home/djx/CLionProjects/cmake-learn/Makefile&quot;  VERBOSE=1 clean"/>
					<DistClean command="/usr/bin/make -f &quot;/home/djx/CLionProjects/cmake-learn/Makefile&quot;  VERBOSE=1 clean"/>
				</MakeCommands>
			</Target>
			<Target title="cmake_learn/fast">
				<Option output="/home/djx/CLionProjects/cmake-learn/cmake_learn" prefix_auto="0" extension_auto="0"/>
				<Option working_dir="/home/djx/CLionProjects/cmake-learn"/>
				<Option object_output="./"/>
				<Option type="1"/>
				<Option compiler="gcc"/>
				<Compiler/>
				<MakeCommands>
					<Build command="/usr/bin/make -f &quot;/home/djx/CLionProjects/cmake-learn/Makefile&quot;  VERBOSE=1 cmake_learn/fast"/>
					<CompileFile command="/usr/bin/make -f &quot;/home/djx/CLionProjects/cmake-learn/Makefile&quot;  VERBOSE=1 &quot;$file&quot;"/>
					<Clean command="/usr/bin/make -f &quot;/home/djx/CLionProjects/cmake-learn/Makefile&quot;  VERBOSE=1 clean"/>
					<DistClean command="/usr/bin/make -f &quot;/home/djx/CLionProjects/cmake-learn/Makefile&quot;  VERBOSE=1 clean"/>
				</MakeCommands>
			</Target>
		</Build>
		<Unit filename="/home/djx/CLionProjects/cmake-learn/BalanceTree.cpp">
			<Option target="cmake_learn"/>
		</Unit>
		<Unit filename="/home/djx/CLionProjects/cmake-learn/BalanceTree.h">
			<Option target="cmake_learn"/>
		</Unit>
		<Unit filename="/home/djx/CLionProjects/cmake-learn/main.cpp">
			<Option target="cmake_learn"/>
		</Unit>
		<Unit filename="/home/djx/CLionProjects/cmake-learn/CMakeLists.txt">
			<Option virtualFolder="CMake Files\"/>
		</Unit>
	</Project>
</CodeBlocks_project_file>
